<?xml version="1.0" encoding="utf-8"?>
<Project ToolsVersion="4.0" xmlns="http://schemas.microsoft.com/developer/msbuild/2003">
  <ItemGroup>
    <Filter Include="header">
      <UniqueIdentifier>{a1f08376-6e4a-400f-8199-f882ef0a748b}</UniqueIdentifier>
    </Filter>
    <Filter Include="cpp">
      <UniqueIdentifier>{c77166a4-fc9a-442c-a4c1-2b095a7062bb}</UniqueIdentifier>
    </Filter>
  </ItemGroup>
  <ItemGroup>
    <ClCompile Include="cpp\NpvTest.cpp">
      <Filter>cpp</Filter>
    </ClCompile>
    <ClCompile Include="cpp\stdafx.cpp">
      <Filter>cpp</Filter>
    </ClCompile>
  </ItemGroup>
  <ItemGroup>
    <ClInclude Include="header\stdafx.h">
      <Filter>header</Filter>
    </ClInclude>
    <ClInclude Include="header\targetver.h">
      <Filter>header</Filter>
    </ClInclude>
  </ItemGroup>
</Project>